
Microsoft Visual Studio Solution File, Format Version 12.00
# Visual Studio Version 16
VisualStudioVersion = 16.0.31025.194
MinimumVisualStudioVersion = 10.0.40219.1
Project("{9A19103F-16F7-4668-BE54-9A1E7A4F7556}") = "model-processor", "model-processor\model-processor.csproj", "{DD93A4CB-AEEF-489A-AE76-DF9F26E10D5A}"
EndProject
Global
	GlobalSection(SolutionConfigurationPlatforms) = preSolution
		Debug|Any CPU = Debug|Any CPU
		Release|Any CPU = Release|Any CPU
	EndGlobalSection
	GlobalSection(ProjectConfigurationPlatforms) = postSolution
		{DD93A4CB-AEEF-489A-AE76-DF9F26E10D5A}.Debug|Any CPU.ActiveCfg = Debug|Any CPU
		{DD93A4CB-AEEF-489A-AE76-DF9F26E10D5A}.Debug|Any CPU.Build.0 = Debug|Any CPU
		{DD93A4CB-AEEF-489A-AE76-DF9F26E10D5A}.Release|Any CPU.ActiveCfg = Release|Any CPU
		{DD93A4CB-AEEF-489A-AE76-DF9F26E10D5A}.Release|Any CPU.Build.0 = Release|Any CPU
	EndGlobalSection
	GlobalSection(SolutionProperties) = preSolution
		HideSolutionNode = FALSE
	EndGlobalSection
	GlobalSection(ExtensibilityGlobals) = postSolution
		SolutionGuid = {494325B7-C83C-457A-A52F-71281D940794}
	EndGlobalSection
EndGlobal
